// !$*UTF8*$!
{
	archiveVersion = 1;
	classes = {
	};
	objectVersion = 55;
	objects = {

/* Begin PBXBuildFile section */
		F0558F10277029460005477B /* addCompanyViewController.swift in Sources */ = {isa = PBXBuildFile; fileRef = F0558F0F277029460005477B /* addCompanyViewController.swift */; };
		F0A4193C2771C69C007112E4 /* WorkersViewController.swift in Sources */ = {isa = PBXBuildFile; fileRef = F0A4193B2771C69C007112E4 /* WorkersViewController.swift */; };
		F0A4193E2771E043007112E4 /* addWorkerViewController.swift in Sources */ = {isa = PBXBuildFile; fileRef = F0A4193D2771E043007112E4 /* addWorkerViewController.swift */; };
		F0D238D5276DC86100775F55 /* AppDelegate.swift in Sources */ = {isa = PBXBuildFile; fileRef = F0D238D4276DC86100775F55 /* AppDelegate.swift */; };
		F0D238D7276DC86100775F55 /* SceneDelegate.swift in Sources */ = {isa = PBXBuildFile; fileRef = F0D238D6276DC86100775F55 /* SceneDelegate.swift */; };
		F0D238D9276DC86100775F55 /* TabBarController.swift in Sources */ = {isa = PBXBuildFile; fileRef = F0D238D8276DC86100775F55 /* TabBarController.swift */; };
		F0D238DF276DC86100775F55 /* Workers.xcdatamodeld in Sources */ = {isa = PBXBuildFile; fileRef = F0D238DD276DC86100775F55 /* Workers.xcdatamodeld */; };
		F0D238E1276DC86200775F55 /* Assets.xcassets in Resources */ = {isa = PBXBuildFile; fileRef = F0D238E0276DC86200775F55 /* Assets.xcassets */; };
		F0D238E4276DC86200775F55 /* LaunchScreen.storyboard in Resources */ = {isa = PBXBuildFile; fileRef = F0D238E2276DC86200775F55 /* LaunchScreen.storyboard */; };
		F0D238EC276DCE1000775F55 /* CompaniesViewController.swift in Sources */ = {isa = PBXBuildFile; fileRef = F0D238EB276DCE1000775F55 /* CompaniesViewController.swift */; };
		F0D238EE276DD19400775F55 /* CoreDataManager.swift in Sources */ = {isa = PBXBuildFile; fileRef = F0D238ED276DD19400775F55 /* CoreDataManager.swift */; };
		F0D238F3276F404400775F55 /* SnapKit in Frameworks */ = {isa = PBXBuildFile; productRef = F0D238F2276F404400775F55 /* SnapKit */; };
/* End PBXBuildFile section */

/* Begin PBXFileReference section */
		F0558F0F277029460005477B /* addCompanyViewController.swift */ = {isa = PBXFileReference; lastKnownFileType = sourcecode.swift; path = addCompanyViewController.swift; sourceTree = "<group>"; };
		F0A4193B2771C69C007112E4 /* WorkersViewController.swift */ = {isa = PBXFileReference; lastKnownFileType = sourcecode.swift; path = WorkersViewController.swift; sourceTree = "<group>"; };
		F0A4193D2771E043007112E4 /* addWorkerViewController.swift */ = {isa = PBXFileReference; lastKnownFileType = sourcecode.swift; path = addWorkerViewController.swift; sourceTree = "<group>"; };
		F0D238D1276DC86100775F55 /* Workers.app */ = {isa = PBXFileReference; explicitFileType = wrapper.application; includeInIndex = 0; path = Workers.app; sourceTree = BUILT_PRODUCTS_DIR; };
		F0D238D4276DC86100775F55 /* AppDelegate.swift */ = {isa = PBXFileReference; lastKnownFileType = sourcecode.swift; path = AppDelegate.swift; sourceTree = "<group>"; };
		F0D238D6276DC86100775F55 /* SceneDelegate.swift */ = {isa = PBXFileReference; lastKnownFileType = sourcecode.swift; path = SceneDelegate.swift; sourceTree = "<group>"; };
		F0D238D8276DC86100775F55 /* TabBarController.swift */ = {isa = PBXFileReference; lastKnownFileType = sourcecode.swift; path = TabBarController.swift; sourceTree = "<group>"; };
		F0D238DE276DC86100775F55 /* Workers.xcdatamodel */ = {isa = PBXFileReference; lastKnownFileType = wrapper.xcdatamodel; path = Workers.xcdatamodel; sourceTree = "<group>"; };
		F0D238E0276DC86200775F55 /* Assets.xcassets */ = {isa = PBXFileReference; lastKnownFileType = folder.assetcatalog; path = Assets.xcassets; sourceTree = "<group>"; };
		F0D238E3276DC86200775F55 /* Base */ = {isa = PBXFileReference; lastKnownFileType = file.storyboard; name = Base; path = Base.lproj/LaunchScreen.storyboard; sourceTree = "<group>"; };
		F0D238E5276DC86200775F55 /* Info.plist */ = {isa = PBXFileReference; lastKnownFileType = text.plist.xml; path = Info.plist; sourceTree = "<group>"; };
		F0D238EB276DCE1000775F55 /* CompaniesViewController.swift */ = {isa = PBXFileReference; lastKnownFileType = sourcecode.swift; path = CompaniesViewController.swift; sourceTree = "<group>"; };
		F0D238ED276DD19400775F55 /* CoreDataManager.swift */ = {isa = PBXFileReference; lastKnownFileType = sourcecode.swift; path = CoreDataManager.swift; sourceTree = "<group>"; };
/* End PBXFileReference section */

/* Begin PBXFrameworksBuildPhase section */
		F0D238CE276DC86100775F55 /* Frameworks */ = {
			isa = PBXFrameworksBuildPhase;
			buildActionMask = 2147483647;
			files = (
				F0D238F3276F404400775F55 /* SnapKit in Frameworks */,
			);
			runOnlyForDeploymentPostprocessing = 0;
		};
/* End PBXFrameworksBuildPhase section */

/* Begin PBXGroup section */
		F0D238C8276DC86100775F55 = {
			isa = PBXGroup;
			children = (
				F0D238D3276DC86100775F55 /* Workers */,
				F0D238D2276DC86100775F55 /* Products */,
			);
			sourceTree = "<group>";
		};
		F0D238D2276DC86100775F55 /* Products */ = {
			isa = PBXGroup;
			children = (
				F0D238D1276DC86100775F55 /* Workers.app */,
			);
			name = Products;
			sourceTree = "<group>";
		};
		F0D238D3276DC86100775F55 /* Workers */ = {
			isa = PBXGroup;
			children = (
				F0D238D4276DC86100775F55 /* AppDelegate.swift */,
				F0D238D6276DC86100775F55 /* SceneDelegate.swift */,
				F0D238D8276DC86100775F55 /* TabBarController.swift */,
				F0D238E0276DC86200775F55 /* Assets.xcassets */,
				F0D238E2276DC86200775F55 /* LaunchScreen.storyboard */,
				F0D238E5276DC86200775F55 /* Info.plist */,
				F0D238DD276DC86100775F55 /* Workers.xcdatamodeld */,
				F0D238EB276DCE1000775F55 /* CompaniesViewController.swift */,
				F0A4193B2771C69C007112E4 /* WorkersViewController.swift */,
				F0D238ED276DD19400775F55 /* CoreDataManager.swift */,
				F0558F0F277029460005477B /* addCompanyViewController.swift */,
				F0A4193D2771E043007112E4 /* addWorkerViewController.swift */,
			);
			path = Workers;
			sourceTree = "<group>";
		};
/* End PBXGroup section */

/* Begin PBXNativeTarget section */
		F0D238D0276DC86100775F55 /* Workers */ = {
			isa = PBXNativeTarget;
			buildConfigurationList = F0D238E8276DC86200775F55 /* Build configuration list for PBXNativeTarget "Workers" */;
			buildPhases = (
				F0D238CD276DC86100775F55 /* Sources */,
				F0D238CE276DC86100775F55 /* Frameworks */,
				F0D238CF276DC86100775F55 /* Resources */,
			);
			buildRules = (
			);
			dependencies = (
			);
			name = Workers;
			packageProductDependencies = (
				F0D238F2276F404400775F55 /* SnapKit */,
			);
			productName = Workers;
			productReference = F0D238D1276DC86100775F55 /* Workers.app */;
			productType = "com.apple.product-type.application";
		};
/* End PBXNativeTarget section */

/* Begin PBXProject section */
		F0D238C9276DC86100775F55 /* Project object */ = {
			isa = PBXProject;
			attributes = {
				BuildIndependentTargetsInParallel = 1;
				LastSwiftUpdateCheck = 1300;
				LastUpgradeCheck = 1300;
				TargetAttributes = {
					F0D238D0276DC86100775F55 = {
						CreatedOnToolsVersion = 13.0;
					};
				};
			};
			buildConfigurationList = F0D238CC276DC86100775F55 /* Build configuration list for PBXProject "Workers" */;
			compatibilityVersion = "Xcode 13.0";
			developmentRegion = en;
			hasScannedForEncodings = 0;
			knownRegions = (
				en,
				Base,
			);
			mainGroup = F0D238C8276DC86100775F55;
			packageReferences = (
				F0D238F1276F404400775F55 /* XCRemoteSwiftPackageReference "SnapKit" */,
			);
			productRefGroup = F0D238D2276DC86100775F55 /* Products */;
			projectDirPath = "";
			projectRoot = "";
			targets = (
				F0D238D0276DC86100775F55 /* Workers */,
			);
		};
/* End PBXProject section */

/* Begin PBXResourcesBuildPhase section */
		F0D238CF276DC86100775F55 /* Resources */ = {
			isa = PBXResourcesBuildPhase;
			buildActionMask = 2147483647;
			files = (
				F0D238E4276DC86200775F55 /* LaunchScreen.storyboard in Resources */,
				F0D238E1276DC86200775F55 /* Assets.xcassets in Resources */,
			);
			runOnlyForDeploymentPostprocessing = 0;
		};
/* End PBXResourcesBuildPhase section */

/* Begin PBXSourcesBuildPhase section */
		F0D238CD276DC86100775F55 /* Sources */ = {
			isa = PBXSourcesBuildPhase;
			buildActionMask = 2147483647;
			files = (
				F0A4193E2771E043007112E4 /* addWorkerViewController.swift in Sources */,
				F0D238EE276DD19400775F55 /* CoreDataManager.swift in Sources */,
				F0D238D9276DC86100775F55 /* TabBarController.swift in Sources */,
				F0A4193C2771C69C007112E4 /* WorkersViewController.swift in Sources */,
				F0D238DF276DC86100775F55 /* Workers.xcdatamodeld in Sources */,
				F0558F10277029460005477B /* addCompanyViewController.swift in Sources */,
				F0D238D5276DC86100775F55 /* AppDelegate.swift in Sources */,
				F0D238D7276DC86100775F55 /* SceneDelegate.swift in Sources */,
				F0D238EC276DCE1000775F55 /* CompaniesViewController.swift in Sources */,
			);
			runOnlyForDeploymentPostprocessing = 0;
		};
/* End PBXSourcesBuildPhase section */

/* Begin PBXVariantGroup section */
		F0D238E2276DC86200775F55 /* LaunchScreen.storyboard */ = {
			isa = PBXVariantGroup;
			children = (
				F0D238E3276DC86200775F55 /* Base */,
			);
			name = LaunchScreen.storyboard;
			sourceTree = "<group>";
		};
/* End PBXVariantGroup section */

/* Begin XCBuildConfiguration section */
		F0D238E6276DC86200775F55 /* Debug */ = {
			isa = XCBuildConfiguration;
			buildSettings = {
				ALWAYS_SEARCH_USER_PATHS = NO;
				CLANG_ANALYZER_NONNULL = YES;
				CLANG_ANALYZER_NUMBER_OBJECT_CONVERSION = YES_AGGRESSIVE;
				CLANG_CXX_LANGUAGE_STANDARD = "gnu++17";
				CLANG_CXX_LIBRARY = "libc++";
				CLANG_ENABLE_MODULES = YES;
				CLANG_ENABLE_OBJC_ARC = YES;
				CLANG_ENABLE_OBJC_WEAK = YES;
				CLANG_WARN_BLOCK_CAPTURE_AUTORELEASING = YES;
				CLANG_WARN_BOOL_CONVERSION = YES;
				CLANG_WARN_COMMA = YES;
				CLANG_WARN_CONSTANT_CONVERSION = YES;
				CLANG_WARN_DEPRECATED_OBJC_IMPLEMENTATIONS = YES;
				CLANG_WARN_DIRECT_OBJC_ISA_USAGE = YES_ERROR;
				CLANG_WARN_DOCUMENTATION_COMMENTS = YES;
				CLANG_WARN_EMPTY_BODY = YES;
				CLANG_WARN_ENUM_CONVERSION = YES;
				CLANG_WARN_INFINITE_RECURSION = YES;
				CLANG_WARN_INT_CONVERSION = YES;
				CLANG_WARN_NON_LITERAL_NULL_CONVERSION = YES;
				CLANG_WARN_OBJC_IMPLICIT_RETAIN_SELF = YES;
				CLANG_WARN_OBJC_LITERAL_CONVERSION = YES;
				CLANG_WARN_OBJC_ROOT_CLASS = YES_ERROR;
				CLANG_WARN_QUOTED_INCLUDE_IN_FRAMEWORK_HEADER = YES;
				CLANG_WARN_RANGE_LOOP_ANALYSIS = YES;
				CLANG_WARN_STRICT_PROTOTYPES = YES;
				CLANG_WARN_SUSPICIOUS_MOVE = YES;
				CLANG_WARN_UNGUARDED_AVAILABILITY = YES_AGGRESSIVE;
				CLANG_WARN_UNREACHABLE_CODE = YES;
				CLANG_WARN__DUPLICATE_METHOD_MATCH = YES;
				COPY_PHASE_STRIP = NO;
				DEBUG_INFORMATION_FORMAT = dwarf;
				ENABLE_STRICT_OBJC_MSGSEND = YES;
				ENABLE_TESTABILITY = YES;
				GCC_C_LANGUAGE_STANDARD = gnu11;
				GCC_DYNAMIC_NO_PIC = NO;
				GCC_NO_COMMON_BLOCKS = YES;
				GCC_OPTIMIZATION_LEVEL = 0;
				GCC_PREPROCESSOR_DEFINITIONS = (
					"DEBUG=1",
					"$(inherited)",
				);
				GCC_WARN_64_TO_32_BIT_CONVERSION = YES;
				GCC_WARN_ABOUT_RETURN_TYPE = YES_ERROR;
				GCC_WARN_UNDECLARED_SELECTOR = YES;
				GCC_WARN_UNINITIALIZED_AUTOS = YES_AGGRESSIVE;
				GCC_WARN_UNUSED_FUNCTION = YES;
				GCC_WARN_UNUSED_VARIABLE = YES;
				IPHONEOS_DEPLOYMENT_TARGET = 15.0;
				MTL_ENABLE_DEBUG_INFO = INCLUDE_SOURCE;
				MTL_FAST_MATH = YES;
				ONLY_ACTIVE_ARCH = YES;
				SDKROOT = iphoneos;
				SWIFT_ACTIVE_COMPILATION_CONDITIONS = DEBUG;
				SWIFT_OPTIMIZATION_LEVEL = "-Onone";
			};
			name = Debug;
		};
		F0D238E7276DC86200775F55 /* Release */ = {
			isa = XCBuildConfiguration;
			buildSettings = {
				ALWAYS_SEARCH_USER_PATHS = NO;
				CLANG_ANALYZER_NONNULL = YES;
				CLANG_ANALYZER_NUMBER_OBJECT_CONVERSION = YES_AGGRESSIVE;
				CLANG_CXX_LANGUAGE_STANDARD = "gnu++17";
				CLANG_CXX_LIBRARY = "libc++";
				CLANG_ENABLE_MODULES = YES;
				CLANG_ENABLE_OBJC_ARC = YES;
				CLANG_ENABLE_OBJC_WEAK = YES;
				CLANG_WARN_BLOCK_CAPTURE_AUTORELEASING = YES;
				CLANG_WARN_BOOL_CONVERSION = YES;
				CLANG_WARN_COMMA = YES;
				CLANG_WARN_CONSTANT_CONVERSION = YES;
				CLANG_WARN_DEPRECATED_OBJC_IMPLEMENTATIONS = YES;
				CLANG_WARN_DIRECT_OBJC_ISA_USAGE = YES_ERROR;
				CLANG_WARN_DOCUMENTATION_COMMENTS = YES;
				CLANG_WARN_EMPTY_BODY = YES;
				CLANG_WARN_ENUM_CONVERSION = YES;
				CLANG_WARN_INFINITE_RECURSION = YES;
				CLANG_WARN_INT_CONVERSION = YES;
				CLANG_WARN_NON_LITERAL_NULL_CONVERSION = YES;
				CLANG_WARN_OBJC_IMPLICIT_RETAIN_SELF = YES;
				CLANG_WARN_OBJC_LITERAL_CONVERSION = YES;
				CLANG_WARN_OBJC_ROOT_CLASS = YES_ERROR;
				CLANG_WARN_QUOTED_INCLUDE_IN_FRAMEWORK_HEADER = YES;
				CLANG_WARN_RANGE_LOOP_ANALYSIS = YES;
				CLANG_WARN_STRICT_PROTOTYPES = YES;
				CLANG_WARN_SUSPICIOUS_MOVE = YES;
				CLANG_WARN_UNGUARDED_AVAILABILITY = YES_AGGRESSIVE;
				CLANG_WARN_UNREACHABLE_CODE = YES;
				CLANG_WARN__DUPLICATE_METHOD_MATCH = YES;
				COPY_PHASE_STRIP = NO;
				DEBUG_INFORMATION_FORMAT = "dwarf-with-dsym";
				ENABLE_NS_ASSERTIONS = NO;
				ENABLE_STRICT_OBJC_MSGSEND = YES;
				GCC_C_LANGUAGE_STANDARD = gnu11;
				GCC_NO_COMMON_BLOCKS = YES;
				GCC_WARN_64_TO_32_BIT_CONVERSION = YES;
				GCC_WARN_ABOUT_RETURN_TYPE = YES_ERROR;
				GCC_WARN_UNDECLARED_SELECTOR = YES;
				GCC_WARN_UNINITIALIZED_AUTOS = YES_AGGRESSIVE;
				GCC_WARN_UNUSED_FUNCTION = YES;
				GCC_WARN_UNUSED_VARIABLE = YES;
				IPHONEOS_DEPLOYMENT_TARGET = 15.0;
				MTL_ENABLE_DEBUG_INFO = NO;
				MTL_FAST_MATH = YES;
				SDKROOT = iphoneos;
				SWIFT_COMPILATION_MODE = wholemodule;
				SWIFT_OPTIMIZATION_LEVEL = "-O";
				VALIDATE_PRODUCT = YES;
			};
			name = Release;
		};
		F0D238E9276DC86200775F55 /* Debug */ = {
			isa = XCBuildConfiguration;
			buildSettings = {
				ASSETCATALOG_COMPILER_APPICON_NAME = AppIcon;
				ASSETCATALOG_COMPILER_GLOBAL_ACCENT_COLOR_NAME = AccentColor;
				CODE_SIGN_STYLE = Automatic;
				CURRENT_PROJECT_VERSION = 1;
				DEVELOPMENT_TEAM = V4U2WRPNL2;
				GENERATE_INFOPLIST_FILE = YES;
				INFOPLIST_FILE = Workers/Info.plist;
				INFOPLIST_KEY_UIApplicationSupportsIndirectInputEvents = YES;
				INFOPLIST_KEY_UILaunchStoryboardName = LaunchScreen;
				INFOPLIST_KEY_UISupportedInterfaceOrientations = UIInterfaceOrientationPortrait;
				INFOPLIST_KEY_UISupportedInterfaceOrientations_iPad = "UIInterfaceOrientationPortrait UIInterfaceOrientationPortraitUpsideDown UIInterfaceOrientationLandscapeLeft UIInterfaceOrientationLandscapeRight";
				INFOPLIST_KEY_UISupportedInterfaceOrientations_iPhone = UIInterfaceOrientationPortrait;
				LD_RUNPATH_SEARCH_PATHS = (
					"$(inherited)",
					"@executable_path/Frameworks",
				);
				MARKETING_VERSION = 1.0;
				PRODUCT_BUNDLE_IDENTIFIER = ru.cft.Workers;
				PRODUCT_NAME = "$(TARGET_NAME)";
				SWIFT_EMIT_LOC_STRINGS = YES;
				SWIFT_VERSION = 5.0;
				TARGETED_DEVICE_FAMILY = "1,2";
			};
			name = Debug;
		};
		F0D238EA276DC86200775F55 /* Release */ = {
			isa = XCBuildConfiguration;
			buildSettings = {
				ASSETCATALOG_COMPILER_APPICON_NAME = AppIcon;
				ASSETCATALOG_COMPILER_GLOBAL_ACCENT_COLOR_NAME = AccentColor;
				CODE_SIGN_STYLE = Automatic;
				CURRENT_PROJECT_VERSION = 1;
				DEVELOPMENT_TEAM = V4U2WRPNL2;
				GENERATE_INFOPLIST_FILE = YES;
				INFOPLIST_FILE = Workers/Info.plist;
				INFOPLIST_KEY_UIApplicationSupportsIndirectInputEvents = YES;
				INFOPLIST_KEY_UILaunchStoryboardName = LaunchScreen;
				INFOPLIST_KEY_UISupportedInterfaceOrientations = UIInterfaceOrientationPortrait;
				INFOPLIST_KEY_UISupportedInterfaceOrientations_iPad = "UIInterfaceOrientationPortrait UIInterfaceOrientationPortraitUpsideDown UIInterfaceOrientationLandscapeLeft UIInterfaceOrientationLandscapeRight";
				INFOPLIST_KEY_UISupportedInterfaceOrientations_iPhone = UIInterfaceOrientationPortrait;
				LD_RUNPATH_SEARCH_PATHS = (
					"$(inherited)",
					"@executable_path/Frameworks",
				);
				MARKETING_VERSION = 1.0;
				PRODUCT_BUNDLE_IDENTIFIER = ru.cft.Workers;
				PRODUCT_NAME = "$(TARGET_NAME)";
				SWIFT_EMIT_LOC_STRINGS = YES;
				SWIFT_VERSION = 5.0;
				TARGETED_DEVICE_FAMILY = "1,2";
			};
			name = Release;
		};
/* End XCBuildConfiguration section */

/* Begin XCConfigurationList section */
		F0D238CC276DC86100775F55 /* Build configuration list for PBXProject "Workers" */ = {
			isa = XCConfigurationList;
			buildConfigurations = (
				F0D238E6276DC86200775F55 /* Debug */,
				F0D238E7276DC86200775F55 /* Release */,
			);
			defaultConfigurationIsVisible = 0;
			defaultConfigurationName = Release;
		};
		F0D238E8276DC86200775F55 /* Build configuration list for PBXNativeTarget "Workers" */ = {
			isa = XCConfigurationList;
			buildConfigurations = (
				F0D238E9276DC86200775F55 /* Debug */,
				F0D238EA276DC86200775F55 /* Release */,
			);
			defaultConfigurationIsVisible = 0;
			defaultConfigurationName = Release;
		};
/* End XCConfigurationList section */

/* Begin XCRemoteSwiftPackageReference section */
		F0D238F1276F404400775F55 /* XCRemoteSwiftPackageReference "SnapKit" */ = {
			isa = XCRemoteSwiftPackageReference;
			repositoryURL = "https://github.com/SnapKit/SnapKit.git";
			requirement = {
				kind = exactVersion;
				version = 5.0.1;
			};
		};
/* End XCRemoteSwiftPackageReference section */

/* Begin XCSwiftPackageProductDependency section */
		F0D238F2276F404400775F55 /* SnapKit */ = {
			isa = XCSwiftPackageProductDependency;
			package = F0D238F1276F404400775F55 /* XCRemoteSwiftPackageReference "SnapKit" */;
			productName = SnapKit;
		};
/* End XCSwiftPackageProductDependency section */

/* Begin XCVersionGroup section */
		F0D238DD276DC86100775F55 /* Workers.xcdatamodeld */ = {
			isa = XCVersionGroup;
			children = (
				F0D238DE276DC86100775F55 /* Workers.xcdatamodel */,
			);
			currentVersion = F0D238DE276DC86100775F55 /* Workers.xcdatamodel */;
			path = Workers.xcdatamodeld;
			sourceTree = "<group>";
			versionGroupType = wrapper.xcdatamodel;
		};
/* End XCVersionGroup section */
	};
	rootObject = F0D238C9276DC86100775F55 /* Project object */;
}
